# This file was autogenerated by uv via the following command:
#    uv export --dev --format=requirements-txt --no-hashes --no-emit-project --output-file=tests/requirements-testing.lock
appdirs==1.4.4
    # via
    #   snakemake
    #   sparv
argcomplete==3.6.2
    # via sparv
attrs==24.2.0
    # via
    #   jsonschema
    #   referencing
certifi==2024.8.30
    # via requests
charset-normalizer==3.4.0
    # via requests
click==8.1.7
    # via nltk
colorama==0.4.6 ; sys_platform == 'win32'
    # via
    #   click
    #   pytest
    #   tqdm
configargparse==1.7
    # via snakemake
connection-pool==0.0.3
    # via snakemake
coverage==7.10.7
    # via pytest-cov
datrie==0.8.2
    # via snakemake
docutils==0.21.2
    # via snakemake
docx2python==1.27.1
    # via sparv
dpath==2.2.0
    # via yte
emoji==2.14.0
    # via stanza
fastjsonschema==2.21.1
    # via nbformat
filelock==3.16.1
    # via
    #   torch
    #   triton
fsspec==2024.10.0
    # via torch
gitdb==4.0.11
    # via gitpython
gitpython==3.1.43
    # via snakemake
humanfriendly==10.0
    # via snakemake
idna==3.10
    # via requests
iniconfig==2.1.0
    # via pytest
jinja2==3.1.4
    # via
    #   snakemake
    #   torch
joblib==1.4.2
    # via nltk
jsonschema==4.23.0
    # via
    #   nbformat
    #   snakemake
    #   sparv
jsonschema-specifications==2024.10.1
    # via jsonschema
jupyter-core==5.7.2
    # via nbformat
markdown-it-py==3.0.0
    # via rich
markupsafe==3.0.2
    # via jinja2
mdurl==0.1.2
    # via markdown-it-py
mpmath==1.3.0
    # via sympy
mypy==1.18.2
mypy-extensions==1.0.0
    # via
    #   mypy
    #   typing-inspect
nbformat==5.10.4
    # via snakemake
networkx==3.2.1
    # via
    #   stanza
    #   torch
nltk==3.9.1
    # via sparv
numpy==2.0.2
    # via stanza
nvidia-cublas-cu12==12.4.5.8 ; platform_machine == 'x86_64' and sys_platform == 'linux'
    # via
    #   nvidia-cudnn-cu12
    #   nvidia-cusolver-cu12
    #   torch
nvidia-cuda-cupti-cu12==12.4.127 ; platform_machine == 'x86_64' and sys_platform == 'linux'
    # via torch
nvidia-cuda-nvrtc-cu12==12.4.127 ; platform_machine == 'x86_64' and sys_platform == 'linux'
    # via torch
nvidia-cuda-runtime-cu12==12.4.127 ; platform_machine == 'x86_64' and sys_platform == 'linux'
    # via torch
nvidia-cudnn-cu12==9.1.0.70 ; platform_machine == 'x86_64' and sys_platform == 'linux'
    # via torch
nvidia-cufft-cu12==11.2.1.3 ; platform_machine == 'x86_64' and sys_platform == 'linux'
    # via torch
nvidia-curand-cu12==10.3.5.147 ; platform_machine == 'x86_64' and sys_platform == 'linux'
    # via torch
nvidia-cusolver-cu12==11.6.1.9 ; platform_machine == 'x86_64' and sys_platform == 'linux'
    # via torch
nvidia-cusparse-cu12==12.3.1.170 ; platform_machine == 'x86_64' and sys_platform == 'linux'
    # via
    #   nvidia-cusolver-cu12
    #   torch
nvidia-nccl-cu12==2.21.5 ; platform_machine == 'x86_64' and sys_platform == 'linux'
    # via torch
nvidia-nvjitlink-cu12==12.4.127 ; platform_machine == 'x86_64' and sys_platform == 'linux'
    # via
    #   nvidia-cufft-cu12
    #   nvidia-cusolver-cu12
    #   nvidia-cusparse-cu12
    #   torch
nvidia-nvtx-cu12==12.4.127 ; platform_machine == 'x86_64' and sys_platform == 'linux'
    # via torch
packaging==24.2
    # via
    #   pytest
    #   snakemake
    #   sparv
pathspec==0.12.1
    # via mypy
plac==1.4.3
    # via yte
platformdirs==4.3.6
    # via jupyter-core
pluggy==1.6.0
    # via
    #   pytest
    #   pytest-cov
prompt-toolkit==3.0.48
    # via questionary
protobuf==3.20.3
    # via
    #   sparv
    #   stanza
psutil==6.1.0
    # via snakemake
pulp==2.9.0
    # via snakemake
pycountry==24.6.1
    # via sparv
pygments==2.18.0
    # via
    #   pytest
    #   rich
pypdfium2==4.30.0
    # via sparv
pyreadline3==3.5.4 ; sys_platform == 'win32'
    # via humanfriendly
pytest==8.4.2
    # via pytest-cov
pytest-cov==7.0.0
python-dateutil==2.9.0
    # via sparv
python-json-logger==3.3.0
    # via sparv
pywin32==308 ; platform_python_implementation != 'PyPy' and sys_platform == 'win32'
    # via jupyter-core
pyyaml==6.0.2
    # via
    #   snakemake
    #   sparv
    #   yte
questionary==1.10.0
    # via sparv
referencing==0.35.1
    # via
    #   jsonschema
    #   jsonschema-specifications
regex==2024.11.6
    # via nltk
requests==2.32.3
    # via
    #   snakemake
    #   sparv
    #   stanza
reretry==0.11.8
    # via snakemake
rich==14.0.0
    # via
    #   rich-argparse
    #   sparv
rich-argparse==1.7.0
    # via sparv
rpds-py==0.22.3
    # via
    #   jsonschema
    #   referencing
ruff==0.13.2
saldowsd==0.2.3
    # via sparv-sbx-wsd-rs
setuptools==75.6.0
    # via
    #   sparv-sbx-wsd-rs
    #   torch
six==1.17.0
    # via python-dateutil
smart-open==7.0.5
    # via snakemake
smmap==5.0.1
    # via gitdb
snakemake==7.32.3
    # via sparv
sparv==5.3.1
    # via sparv-sbx-wsd-rs
stanza==1.10.1
    # via sparv
stopit==1.1.2
    # via snakemake
sympy==1.13.1
    # via torch
tabulate==0.9.0
    # via snakemake
throttler==1.2.2
    # via snakemake
tomli==2.2.1 ; python_full_version <= '3.11'
    # via coverage
toposort==1.10
    # via snakemake
torch==2.5.1
    # via
    #   sparv
    #   stanza
tqdm==4.67.1
    # via
    #   nltk
    #   stanza
traitlets==5.14.3
    # via
    #   jupyter-core
    #   nbformat
triton==3.1.0 ; python_full_version < '3.13' and platform_machine == 'x86_64' and sys_platform == 'linux'
    # via torch
typing-extensions==4.12.2
    # via
    #   mypy
    #   torch
    #   typing-inspect
typing-inspect==0.9.0
    # via sparv
urllib3==2.2.3
    # via requests
wcwidth==0.2.13
    # via prompt-toolkit
wrapt==1.17.0
    # via
    #   smart-open
    #   snakemake
yte==1.5.4
    # via snakemake
